
Microsoft Visual Studio Solution File, Format Version 12.00
# Visual Studio Version 17
VisualStudioVersion = 17.8.34309.116
MinimumVisualStudioVersion = 10.0.40219.1
Project("{FAE04EC0-301F-11D3-BF4B-00C04F79EFBC}") = "IN401105 LAB 2.2", "IN401105 LAB 2.2\IN401105 LAB 2.2.csproj", "{DE5EFC50-1C32-4FC4-95A0-3D23A5134F39}"
EndProject
Global
	GlobalSection(SolutionConfigurationPlatforms) = preSolution
		Debug|Any CPU = Debug|Any CPU
		Release|Any CPU = Release|Any CPU
	EndGlobalSection
	GlobalSection(ProjectConfigurationPlatforms) = postSolution
		{DE5EFC50-1C32-4FC4-95A0-3D23A5134F39}.Debug|Any CPU.ActiveCfg = Debug|Any CPU
		{DE5EFC50-1C32-4FC4-95A0-3D23A5134F39}.Debug|Any CPU.Build.0 = Debug|Any CPU
		{DE5EFC50-1C32-4FC4-95A0-3D23A5134F39}.Release|Any CPU.ActiveCfg = Release|Any CPU
		{DE5EFC50-1C32-4FC4-95A0-3D23A5134F39}.Release|Any CPU.Build.0 = Release|Any CPU
	EndGlobalSection
	GlobalSection(SolutionProperties) = preSolution
		HideSolutionNode = FALSE
	EndGlobalSection
	GlobalSection(ExtensibilityGlobals) = postSolution
		SolutionGuid = {1D2FE760-0128-4B95-9784-103168C19EAE}
	EndGlobalSection
EndGlobal
